
Microsoft Visual Studio Solution File, Format Version 12.00
# Visual Studio Version 16
VisualStudioVersion = 16.0.29613.14
MinimumVisualStudioVersion = 10.0.40219.1
Project("{9A19103F-16F7-4668-BE54-9A1E7A4F7556}") = "BuyerService", "BuyerService.csproj", "{34E8A226-7F9B-432F-8C3F-483491B2E62A}"
EndProject
Project("{9A19103F-16F7-4668-BE54-9A1E7A4F7556}") = "UserService", "..\UserService\UserService.csproj", "{4973A715-ADAE-4068-8179-653BB601C872}"
EndProject
Project("{FAE04EC0-301F-11D3-BF4B-00C04F79EFBC}") = "ItemService", "..\ItemService\ItemService.csproj", "{B392FD87-B5AB-448B-8609-27036B38F0EB}"
EndProject
Project("{FAE04EC0-301F-11D3-BF4B-00C04F79EFBC}") = "TestService", "..\TestService\TestService.csproj", "{81F57F7A-3459-4604-A650-D7197DE4C6F5}"
EndProject
Global
	GlobalSection(SolutionConfigurationPlatforms) = preSolution
		Debug|Any CPU = Debug|Any CPU
		Release|Any CPU = Release|Any CPU
	EndGlobalSection
	GlobalSection(ProjectConfigurationPlatforms) = postSolution
		{34E8A226-7F9B-432F-8C3F-483491B2E62A}.Debug|Any CPU.ActiveCfg = Debug|Any CPU
		{34E8A226-7F9B-432F-8C3F-483491B2E62A}.Debug|Any CPU.Build.0 = Debug|Any CPU
		{34E8A226-7F9B-432F-8C3F-483491B2E62A}.Release|Any CPU.ActiveCfg = Release|Any CPU
		{34E8A226-7F9B-432F-8C3F-483491B2E62A}.Release|Any CPU.Build.0 = Release|Any CPU
		{4973A715-ADAE-4068-8179-653BB601C872}.Debug|Any CPU.ActiveCfg = Debug|Any CPU
		{4973A715-ADAE-4068-8179-653BB601C872}.Debug|Any CPU.Build.0 = Debug|Any CPU
		{4973A715-ADAE-4068-8179-653BB601C872}.Release|Any CPU.ActiveCfg = Release|Any CPU
		{4973A715-ADAE-4068-8179-653BB601C872}.Release|Any CPU.Build.0 = Release|Any CPU
		{B392FD87-B5AB-448B-8609-27036B38F0EB}.Debug|Any CPU.ActiveCfg = Debug|Any CPU
		{B392FD87-B5AB-448B-8609-27036B38F0EB}.Debug|Any CPU.Build.0 = Debug|Any CPU
		{B392FD87-B5AB-448B-8609-27036B38F0EB}.Release|Any CPU.ActiveCfg = Release|Any CPU
		{B392FD87-B5AB-448B-8609-27036B38F0EB}.Release|Any CPU.Build.0 = Release|Any CPU
		{81F57F7A-3459-4604-A650-D7197DE4C6F5}.Debug|Any CPU.ActiveCfg = Debug|Any CPU
		{81F57F7A-3459-4604-A650-D7197DE4C6F5}.Debug|Any CPU.Build.0 = Debug|Any CPU
		{81F57F7A-3459-4604-A650-D7197DE4C6F5}.Release|Any CPU.ActiveCfg = Release|Any CPU
		{81F57F7A-3459-4604-A650-D7197DE4C6F5}.Release|Any CPU.Build.0 = Release|Any CPU
	EndGlobalSection
	GlobalSection(SolutionProperties) = preSolution
		HideSolutionNode = FALSE
	EndGlobalSection
	GlobalSection(ExtensibilityGlobals) = postSolution
		SolutionGuid = {1270FCEE-7C48-405E-9245-61A822402D33}
	EndGlobalSection
EndGlobal
